// !$*UTF8*$!
{
	archiveVersion = 1;
	classes = {
	};
	objectVersion = 77;
	objects = {

/* Begin PBXContainerItemProxy section */
		E822940D2DE5D92E00DBE717 /* PBXContainerItemProxy */ = {
			isa = PBXContainerItemProxy;
			containerPortal = E82293F42DE5D92D00DBE717 /* Project object */;
			proxyType = 1;
			remoteGlobalIDString = E82293FB2DE5D92D00DBE717;
			remoteInfo = HandEst;
		};
		E82294172DE5D92F00DBE717 /* PBXContainerItemProxy */ = {
			isa = PBXContainerItemProxy;
			containerPortal = E82293F42DE5D92D00DBE717 /* Project object */;
			proxyType = 1;
			remoteGlobalIDString = E82293FB2DE5D92D00DBE717;
			remoteInfo = HandEst;
		};
/* End PBXContainerItemProxy section */

/* Begin PBXFileReference section */
		E82293FC2DE5D92D00DBE717 /* HandEst.app */ = {isa = PBXFileReference; explicitFileType = wrapper.application; includeInIndex = 0; path = HandEst.app; sourceTree = BUILT_PRODUCTS_DIR; };
		E822940C2DE5D92E00DBE717 /* HandEstTests.xctest */ = {isa = PBXFileReference; explicitFileType = wrapper.cfbundle; includeInIndex = 0; path = HandEstTests.xctest; sourceTree = BUILT_PRODUCTS_DIR; };
		E82294162DE5D92F00DBE717 /* HandEstUITests.xctest */ = {isa = PBXFileReference; explicitFileType = wrapper.cfbundle; includeInIndex = 0; path = HandEstUITests.xctest; sourceTree = BUILT_PRODUCTS_DIR; };
/* End PBXFileReference section */

/* Begin PBXFileSystemSynchronizedRootGroup section */
		E82293FE2DE5D92D00DBE717 /* HandEst */ = {
			isa = PBXFileSystemSynchronizedRootGroup;
			path = HandEst;
			sourceTree = "<group>";
		};
		E822940F2DE5D92E00DBE717 /* HandEstTests */ = {
			isa = PBXFileSystemSynchronizedRootGroup;
			path = HandEstTests;
			sourceTree = "<group>";
		};
		E82294192DE5D92F00DBE717 /* HandEstUITests */ = {
			isa = PBXFileSystemSynchronizedRootGroup;
			path = HandEstUITests;
			sourceTree = "<group>";
		};
/* End PBXFileSystemSynchronizedRootGroup section */

/* Begin PBXFrameworksBuildPhase section */
		E82293F92DE5D92D00DBE717 /* Frameworks */ = {
			isa = PBXFrameworksBuildPhase;
			buildActionMask = 2147483647;
			files = (
			);
			runOnlyForDeploymentPostprocessing = 0;
		};
		E82294092DE5D92E00DBE717 /* Frameworks */ = {
			isa = PBXFrameworksBuildPhase;
			buildActionMask = 2147483647;
			files = (
			);
			runOnlyForDeploymentPostprocessing = 0;
		};
		E82294132DE5D92F00DBE717 /* Frameworks */ = {
			isa = PBXFrameworksBuildPhase;
			buildActionMask = 2147483647;
			files = (
			);
			runOnlyForDeploymentPostprocessing = 0;
		};
/* End PBXFrameworksBuildPhase section */

/* Begin PBXGroup section */
		E82293F32DE5D92D00DBE717 = {
			isa = PBXGroup;
			children = (
				E82293FE2DE5D92D00DBE717 /* HandEst */,
				E822940F2DE5D92E00DBE717 /* HandEstTests */,
				E82294192DE5D92F00DBE717 /* HandEstUITests */,
				E82293FD2DE5D92D00DBE717 /* Products */,
			);
			sourceTree = "<group>";
		};
		E82293FD2DE5D92D00DBE717 /* Products */ = {
			isa = PBXGroup;
			children = (
				E82293FC2DE5D92D00DBE717 /* HandEst.app */,
				E822940C2DE5D92E00DBE717 /* HandEstTests.xctest */,
				E82294162DE5D92F00DBE717 /* HandEstUITests.xctest */,
			);
			name = Products;
			sourceTree = "<group>";
		};
/* End PBXGroup section */

/* Begin PBXNativeTarget section */
		E82293FB2DE5D92D00DBE717 /* HandEst */ = {
			isa = PBXNativeTarget;
			buildConfigurationList = E82294202DE5D92F00DBE717 /* Build configuration list for PBXNativeTarget "HandEst" */;
			buildPhases = (
				E82293F82DE5D92D00DBE717 /* Sources */,
				E82293F92DE5D92D00DBE717 /* Frameworks */,
				E82293FA2DE5D92D00DBE717 /* Resources */,
			);
			buildRules = (
			);
			dependencies = (
			);
			fileSystemSynchronizedGroups = (
				E82293FE2DE5D92D00DBE717 /* HandEst */,
			);
			name = HandEst;
			packageProductDependencies = (
			);
			productName = HandEst;
			productReference = E82293FC2DE5D92D00DBE717 /* HandEst.app */;
			productType = "com.apple.product-type.application";
		};
		E822940B2DE5D92E00DBE717 /* HandEstTests */ = {
			isa = PBXNativeTarget;
			buildConfigurationList = E82294232DE5D92F00DBE717 /* Build configuration list for PBXNativeTarget "HandEstTests" */;
			buildPhases = (
				E82294082DE5D92E00DBE717 /* Sources */,
				E82294092DE5D92E00DBE717 /* Frameworks */,
				E822940A2DE5D92E00DBE717 /* Resources */,
			);
			buildRules = (
			);
			dependencies = (
				E822940E2DE5D92E00DBE717 /* PBXTargetDependency */,
			);
			fileSystemSynchronizedGroups = (
				E822940F2DE5D92E00DBE717 /* HandEstTests */,
			);
			name = HandEstTests;
			packageProductDependencies = (
			);
			productName = HandEstTests;
			productReference = E822940C2DE5D92E00DBE717 /* HandEstTests.xctest */;
			productType = "com.apple.product-type.bundle.unit-test";
		};
		E82294152DE5D92F00DBE717 /* HandEstUITests */ = {
			isa = PBXNativeTarget;
			buildConfigurationList = E82294262DE5D92F00DBE717 /* Build configuration list for PBXNativeTarget "HandEstUITests" */;
			buildPhases = (
				E82294122DE5D92F00DBE717 /* Sources */,
				E82294132DE5D92F00DBE717 /* Frameworks */,
				E82294142DE5D92F00DBE717 /* Resources */,
			);
			buildRules = (
			);
			dependencies = (
				E82294182DE5D92F00DBE717 /* PBXTargetDependency */,
			);
			fileSystemSynchronizedGroups = (
				E82294192DE5D92F00DBE717 /* HandEstUITests */,
			);
			name = HandEstUITests;
			packageProductDependencies = (
			);
			productName = HandEstUITests;
			productReference = E82294162DE5D92F00DBE717 /* HandEstUITests.xctest */;
			productType = "com.apple.product-type.bundle.ui-testing";
		};
/* End PBXNativeTarget section */

/* Begin PBXProject section */
		E82293F42DE5D92D00DBE717 /* Project object */ = {
			isa = PBXProject;
			attributes = {
				BuildIndependentTargetsInParallel = 1;
				LastSwiftUpdateCheck = 1620;
				LastUpgradeCheck = 1620;
				TargetAttributes = {
					E82293FB2DE5D92D00DBE717 = {
						CreatedOnToolsVersion = 16.2;
					};
					E822940B2DE5D92E00DBE717 = {
						CreatedOnToolsVersion = 16.2;
						TestTargetID = E82293FB2DE5D92D00DBE717;
					};
					E82294152DE5D92F00DBE717 = {
						CreatedOnToolsVersion = 16.2;
						TestTargetID = E82293FB2DE5D92D00DBE717;
					};
				};
			};
			buildConfigurationList = E82293F72DE5D92D00DBE717 /* Build configuration list for PBXProject "HandEst" */;
			developmentRegion = en;
			hasScannedForEncodings = 0;
			knownRegions = (
				en,
				Base,
			);
			mainGroup = E82293F32DE5D92D00DBE717;
			minimizedProjectReferenceProxies = 1;
			preferredProjectObjectVersion = 77;
			productRefGroup = E82293FD2DE5D92D00DBE717 /* Products */;
			projectDirPath = "";
			projectRoot = "";
			targets = (
				E82293FB2DE5D92D00DBE717 /* HandEst */,
				E822940B2DE5D92E00DBE717 /* HandEstTests */,
				E82294152DE5D92F00DBE717 /* HandEstUITests */,
			);
		};
/* End PBXProject section */

/* Begin PBXResourcesBuildPhase section */
		E82293FA2DE5D92D00DBE717 /* Resources */ = {
			isa = PBXResourcesBuildPhase;
			buildActionMask = 2147483647;
			files = (
			);
			runOnlyForDeploymentPostprocessing = 0;
		};
		E822940A2DE5D92E00DBE717 /* Resources */ = {
			isa = PBXResourcesBuildPhase;
			buildActionMask = 2147483647;
			files = (
			);
			runOnlyForDeploymentPostprocessing = 0;
		};
		E82294142DE5D92F00DBE717 /* Resources */ = {
			isa = PBXResourcesBuildPhase;
			buildActionMask = 2147483647;
			files = (
			);
			runOnlyForDeploymentPostprocessing = 0;
		};
/* End PBXResourcesBuildPhase section */

/* Begin PBXSourcesBuildPhase section */
		E82293F82DE5D92D00DBE717 /* Sources */ = {
			isa = PBXSourcesBuildPhase;
			buildActionMask = 2147483647;
			files = (
			);
			runOnlyForDeploymentPostprocessing = 0;
		};
		E82294082DE5D92E00DBE717 /* Sources */ = {
			isa = PBXSourcesBuildPhase;
			buildActionMask = 2147483647;
			files = (
			);
			runOnlyForDeploymentPostprocessing = 0;
		};
		E82294122DE5D92F00DBE717 /* Sources */ = {
			isa = PBXSourcesBuildPhase;
			buildActionMask = 2147483647;
			files = (
			);
			runOnlyForDeploymentPostprocessing = 0;
		};
/* End PBXSourcesBuildPhase section */

/* Begin PBXTargetDependency section */
		E822940E2DE5D92E00DBE717 /* PBXTargetDependency */ = {
			isa = PBXTargetDependency;
			target = E82293FB2DE5D92D00DBE717 /* HandEst */;
			targetProxy = E822940D2DE5D92E00DBE717 /* PBXContainerItemProxy */;
		};
		E82294182DE5D92F00DBE717 /* PBXTargetDependency */ = {
			isa = PBXTargetDependency;
			target = E82293FB2DE5D92D00DBE717 /* HandEst */;
			targetProxy = E82294172DE5D92F00DBE717 /* PBXContainerItemProxy */;
		};
/* End PBXTargetDependency section */

/* Begin XCBuildConfiguration section */
		E822941E2DE5D92F00DBE717 /* Debug */ = {
			isa = XCBuildConfiguration;
			buildSettings = {
				ALWAYS_SEARCH_USER_PATHS = NO;
				ASSETCATALOG_COMPILER_GENERATE_SWIFT_ASSET_SYMBOL_EXTENSIONS = YES;
				CLANG_ANALYZER_NONNULL = YES;
				CLANG_ANALYZER_NUMBER_OBJECT_CONVERSION = YES_AGGRESSIVE;
				CLANG_CXX_LANGUAGE_STANDARD = "gnu++20";
				CLANG_ENABLE_MODULES = YES;
				CLANG_ENABLE_OBJC_ARC = YES;
				CLANG_ENABLE_OBJC_WEAK = YES;
				CLANG_WARN_BLOCK_CAPTURE_AUTORELEASING = YES;
				CLANG_WARN_BOOL_CONVERSION = YES;
				CLANG_WARN_COMMA = YES;
				CLANG_WARN_CONSTANT_CONVERSION = YES;
				CLANG_WARN_DEPRECATED_OBJC_IMPLEMENTATIONS = YES;
				CLANG_WARN_DIRECT_OBJC_ISA_USAGE = YES_ERROR;
				CLANG_WARN_DOCUMENTATION_COMMENTS = YES;
				CLANG_WARN_EMPTY_BODY = YES;
				CLANG_WARN_ENUM_CONVERSION = YES;
				CLANG_WARN_INFINITE_RECURSION = YES;
				CLANG_WARN_INT_CONVERSION = YES;
				CLANG_WARN_NON_LITERAL_NULL_CONVERSION = YES;
				CLANG_WARN_OBJC_IMPLICIT_RETAIN_SELF = YES;
				CLANG_WARN_OBJC_LITERAL_CONVERSION = YES;
				CLANG_WARN_OBJC_ROOT_CLASS = YES_ERROR;
				CLANG_WARN_QUOTED_INCLUDE_IN_FRAMEWORK_HEADER = YES;
				CLANG_WARN_RANGE_LOOP_ANALYSIS = YES;
				CLANG_WARN_STRICT_PROTOTYPES = YES;
				CLANG_WARN_SUSPICIOUS_MOVE = YES;
				CLANG_WARN_UNGUARDED_AVAILABILITY = YES_AGGRESSIVE;
				CLANG_WARN_UNREACHABLE_CODE = YES;
				CLANG_WARN__DUPLICATE_METHOD_MATCH = YES;
				COPY_PHASE_STRIP = NO;
				DEBUG_INFORMATION_FORMAT = dwarf;
				ENABLE_STRICT_OBJC_MSGSEND = YES;
				ENABLE_TESTABILITY = YES;
				ENABLE_USER_SCRIPT_SANDBOXING = YES;
				GCC_C_LANGUAGE_STANDARD = gnu17;
				GCC_DYNAMIC_NO_PIC = NO;
				GCC_NO_COMMON_BLOCKS = YES;
				GCC_OPTIMIZATION_LEVEL = 0;
				GCC_PREPROCESSOR_DEFINITIONS = (
					"DEBUG=1",
					"$(inherited)",
				);
				GCC_WARN_64_TO_32_BIT_CONVERSION = YES;
				GCC_WARN_ABOUT_RETURN_TYPE = YES_ERROR;
				GCC_WARN_UNDECLARED_SELECTOR = YES;
				GCC_WARN_UNINITIALIZED_AUTOS = YES_AGGRESSIVE;
				GCC_WARN_UNUSED_FUNCTION = YES;
				GCC_WARN_UNUSED_VARIABLE = YES;
				IPHONEOS_DEPLOYMENT_TARGET = 18.2;
				LOCALIZATION_PREFERS_STRING_CATALOGS = YES;
				MTL_ENABLE_DEBUG_INFO = INCLUDE_SOURCE;
				MTL_FAST_MATH = YES;
				ONLY_ACTIVE_ARCH = YES;
				SDKROOT = iphoneos;
				SWIFT_ACTIVE_COMPILATION_CONDITIONS = "DEBUG $(inherited)";
				SWIFT_OPTIMIZATION_LEVEL = "-Onone";
			};
			name = Debug;
		};
		E822941F2DE5D92F00DBE717 /* Release */ = {
			isa = XCBuildConfiguration;
			buildSettings = {
				ALWAYS_SEARCH_USER_PATHS = NO;
				ASSETCATALOG_COMPILER_GENERATE_SWIFT_ASSET_SYMBOL_EXTENSIONS = YES;
				CLANG_ANALYZER_NONNULL = YES;
				CLANG_ANALYZER_NUMBER_OBJECT_CONVERSION = YES_AGGRESSIVE;
				CLANG_CXX_LANGUAGE_STANDARD = "gnu++20";
				CLANG_ENABLE_MODULES = YES;
				CLANG_ENABLE_OBJC_ARC = YES;
				CLANG_ENABLE_OBJC_WEAK = YES;
				CLANG_WARN_BLOCK_CAPTURE_AUTORELEASING = YES;
				CLANG_WARN_BOOL_CONVERSION = YES;
				CLANG_WARN_COMMA = YES;
				CLANG_WARN_CONSTANT_CONVERSION = YES;
				CLANG_WARN_DEPRECATED_OBJC_IMPLEMENTATIONS = YES;
				CLANG_WARN_DIRECT_OBJC_ISA_USAGE = YES_ERROR;
				CLANG_WARN_DOCUMENTATION_COMMENTS = YES;
				CLANG_WARN_EMPTY_BODY = YES;
				CLANG_WARN_ENUM_CONVERSION = YES;
				CLANG_WARN_INFINITE_RECURSION = YES;
				CLANG_WARN_INT_CONVERSION = YES;
				CLANG_WARN_NON_LITERAL_NULL_CONVERSION = YES;
				CLANG_WARN_OBJC_IMPLICIT_RETAIN_SELF = YES;
				CLANG_WARN_OBJC_LITERAL_CONVERSION = YES;
				CLANG_WARN_OBJC_ROOT_CLASS = YES_ERROR;
				CLANG_WARN_QUOTED_INCLUDE_IN_FRAMEWORK_HEADER = YES;
				CLANG_WARN_RANGE_LOOP_ANALYSIS = YES;
				CLANG_WARN_STRICT_PROTOTYPES = YES;
				CLANG_WARN_SUSPICIOUS_MOVE = YES;
				CLANG_WARN_UNGUARDED_AVAILABILITY = YES_AGGRESSIVE;
				CLANG_WARN_UNREACHABLE_CODE = YES;
				CLANG_WARN__DUPLICATE_METHOD_MATCH = YES;
				COPY_PHASE_STRIP = NO;
				DEBUG_INFORMATION_FORMAT = "dwarf-with-dsym";
				ENABLE_NS_ASSERTIONS = NO;
				ENABLE_STRICT_OBJC_MSGSEND = YES;
				ENABLE_USER_SCRIPT_SANDBOXING = YES;
				GCC_C_LANGUAGE_STANDARD = gnu17;
				GCC_NO_COMMON_BLOCKS = YES;
				GCC_WARN_64_TO_32_BIT_CONVERSION = YES;
				GCC_WARN_ABOUT_RETURN_TYPE = YES_ERROR;
				GCC_WARN_UNDECLARED_SELECTOR = YES;
				GCC_WARN_UNINITIALIZED_AUTOS = YES_AGGRESSIVE;
				GCC_WARN_UNUSED_FUNCTION = YES;
				GCC_WARN_UNUSED_VARIABLE = YES;
				IPHONEOS_DEPLOYMENT_TARGET = 18.2;
				LOCALIZATION_PREFERS_STRING_CATALOGS = YES;
				MTL_ENABLE_DEBUG_INFO = NO;
				MTL_FAST_MATH = YES;
				SDKROOT = iphoneos;
				SWIFT_COMPILATION_MODE = wholemodule;
				VALIDATE_PRODUCT = YES;
			};
			name = Release;
		};
		E82294212DE5D92F00DBE717 /* Debug */ = {
			isa = XCBuildConfiguration;
			buildSettings = {
				ASSETCATALOG_COMPILER_APPICON_NAME = AppIcon;
				ASSETCATALOG_COMPILER_GLOBAL_ACCENT_COLOR_NAME = AccentColor;
				CODE_SIGN_STYLE = Automatic;
				CURRENT_PROJECT_VERSION = 1;
				DEVELOPMENT_ASSET_PATHS = "\"HandEst/Preview Content\"";
				DEVELOPMENT_TEAM = 8BD446AR8T;
				ENABLE_PREVIEWS = YES;
				GENERATE_INFOPLIST_FILE = YES;
				INFOPLIST_KEY_UIApplicationSceneManifest_Generation = YES;
				INFOPLIST_KEY_UIApplicationSupportsIndirectInputEvents = YES;
				INFOPLIST_KEY_UILaunchScreen_Generation = YES;
				INFOPLIST_KEY_UISupportedInterfaceOrientations_iPad = "UIInterfaceOrientationPortrait UIInterfaceOrientationPortraitUpsideDown UIInterfaceOrientationLandscapeLeft UIInterfaceOrientationLandscapeRight";
				INFOPLIST_KEY_UISupportedInterfaceOrientations_iPhone = "UIInterfaceOrientationPortrait UIInterfaceOrientationLandscapeLeft UIInterfaceOrientationLandscapeRight";
				LD_RUNPATH_SEARCH_PATHS = (
					"$(inherited)",
					"@executable_path/Frameworks",
				);
				MARKETING_VERSION = 1.0;
				PRODUCT_BUNDLE_IDENTIFIER = com.sagawafumiya.HandEst;
				PRODUCT_NAME = "$(TARGET_NAME)";
				SWIFT_EMIT_LOC_STRINGS = YES;
				SWIFT_VERSION = 5.0;
				TARGETED_DEVICE_FAMILY = "1,2";
			};
			name = Debug;
		};
		E82294222DE5D92F00DBE717 /* Release */ = {
			isa = XCBuildConfiguration;
			buildSettings = {
				ASSETCATALOG_COMPILER_APPICON_NAME = AppIcon;
				ASSETCATALOG_COMPILER_GLOBAL_ACCENT_COLOR_NAME = AccentColor;
				CODE_SIGN_STYLE = Automatic;
				CURRENT_PROJECT_VERSION = 1;
				DEVELOPMENT_ASSET_PATHS = "\"HandEst/Preview Content\"";
				DEVELOPMENT_TEAM = 8BD446AR8T;
				ENABLE_PREVIEWS = YES;
				GENERATE_INFOPLIST_FILE = YES;
				INFOPLIST_KEY_UIApplicationSceneManifest_Generation = YES;
				INFOPLIST_KEY_UIApplicationSupportsIndirectInputEvents = YES;
				INFOPLIST_KEY_UILaunchScreen_Generation = YES;
				INFOPLIST_KEY_UISupportedInterfaceOrientations_iPad = "UIInterfaceOrientationPortrait UIInterfaceOrientationPortraitUpsideDown UIInterfaceOrientationLandscapeLeft UIInterfaceOrientationLandscapeRight";
				INFOPLIST_KEY_UISupportedInterfaceOrientations_iPhone = "UIInterfaceOrientationPortrait UIInterfaceOrientationLandscapeLeft UIInterfaceOrientationLandscapeRight";
				LD_RUNPATH_SEARCH_PATHS = (
					"$(inherited)",
					"@executable_path/Frameworks",
				);
				MARKETING_VERSION = 1.0;
				PRODUCT_BUNDLE_IDENTIFIER = com.sagawafumiya.HandEst;
				PRODUCT_NAME = "$(TARGET_NAME)";
				SWIFT_EMIT_LOC_STRINGS = YES;
				SWIFT_VERSION = 5.0;
				TARGETED_DEVICE_FAMILY = "1,2";
			};
			name = Release;
		};
		E82294242DE5D92F00DBE717 /* Debug */ = {
			isa = XCBuildConfiguration;
			buildSettings = {
				BUNDLE_LOADER = "$(TEST_HOST)";
				CODE_SIGN_STYLE = Automatic;
				CURRENT_PROJECT_VERSION = 1;
				DEVELOPMENT_TEAM = 8BD446AR8T;
				GENERATE_INFOPLIST_FILE = YES;
				IPHONEOS_DEPLOYMENT_TARGET = 18.2;
				MARKETING_VERSION = 1.0;
				PRODUCT_BUNDLE_IDENTIFIER = com.sagawafumiya.HandEstTests;
				PRODUCT_NAME = "$(TARGET_NAME)";
				SWIFT_EMIT_LOC_STRINGS = NO;
				SWIFT_VERSION = 5.0;
				TARGETED_DEVICE_FAMILY = "1,2";
				TEST_HOST = "$(BUILT_PRODUCTS_DIR)/HandEst.app/$(BUNDLE_EXECUTABLE_FOLDER_PATH)/HandEst";
			};
			name = Debug;
		};
		E82294252DE5D92F00DBE717 /* Release */ = {
			isa = XCBuildConfiguration;
			buildSettings = {
				BUNDLE_LOADER = "$(TEST_HOST)";
				CODE_SIGN_STYLE = Automatic;
				CURRENT_PROJECT_VERSION = 1;
				DEVELOPMENT_TEAM = 8BD446AR8T;
				GENERATE_INFOPLIST_FILE = YES;
				IPHONEOS_DEPLOYMENT_TARGET = 18.2;
				MARKETING_VERSION = 1.0;
				PRODUCT_BUNDLE_IDENTIFIER = com.sagawafumiya.HandEstTests;
				PRODUCT_NAME = "$(TARGET_NAME)";
				SWIFT_EMIT_LOC_STRINGS = NO;
				SWIFT_VERSION = 5.0;
				TARGETED_DEVICE_FAMILY = "1,2";
				TEST_HOST = "$(BUILT_PRODUCTS_DIR)/HandEst.app/$(BUNDLE_EXECUTABLE_FOLDER_PATH)/HandEst";
			};
			name = Release;
		};
		E82294272DE5D92F00DBE717 /* Debug */ = {
			isa = XCBuildConfiguration;
			buildSettings = {
				CODE_SIGN_STYLE = Automatic;
				CURRENT_PROJECT_VERSION = 1;
				DEVELOPMENT_TEAM = 8BD446AR8T;
				GENERATE_INFOPLIST_FILE = YES;
				MARKETING_VERSION = 1.0;
				PRODUCT_BUNDLE_IDENTIFIER = com.sagawafumiya.HandEstUITests;
				PRODUCT_NAME = "$(TARGET_NAME)";
				SWIFT_EMIT_LOC_STRINGS = NO;
				SWIFT_VERSION = 5.0;
				TARGETED_DEVICE_FAMILY = "1,2";
				TEST_TARGET_NAME = HandEst;
			};
			name = Debug;
		};
		E82294282DE5D92F00DBE717 /* Release */ = {
			isa = XCBuildConfiguration;
			buildSettings = {
				CODE_SIGN_STYLE = Automatic;
				CURRENT_PROJECT_VERSION = 1;
				DEVELOPMENT_TEAM = 8BD446AR8T;
				GENERATE_INFOPLIST_FILE = YES;
				MARKETING_VERSION = 1.0;
				PRODUCT_BUNDLE_IDENTIFIER = com.sagawafumiya.HandEstUITests;
				PRODUCT_NAME = "$(TARGET_NAME)";
				SWIFT_EMIT_LOC_STRINGS = NO;
				SWIFT_VERSION = 5.0;
				TARGETED_DEVICE_FAMILY = "1,2";
				TEST_TARGET_NAME = HandEst;
			};
			name = Release;
		};
/* End XCBuildConfiguration section */

/* Begin XCConfigurationList section */
		E82293F72DE5D92D00DBE717 /* Build configuration list for PBXProject "HandEst" */ = {
			isa = XCConfigurationList;
			buildConfigurations = (
				E822941E2DE5D92F00DBE717 /* Debug */,
				E822941F2DE5D92F00DBE717 /* Release */,
			);
			defaultConfigurationIsVisible = 0;
			defaultConfigurationName = Release;
		};
		E82294202DE5D92F00DBE717 /* Build configuration list for PBXNativeTarget "HandEst" */ = {
			isa = XCConfigurationList;
			buildConfigurations = (
				E82294212DE5D92F00DBE717 /* Debug */,
				E82294222DE5D92F00DBE717 /* Release */,
			);
			defaultConfigurationIsVisible = 0;
			defaultConfigurationName = Release;
		};
		E82294232DE5D92F00DBE717 /* Build configuration list for PBXNativeTarget "HandEstTests" */ = {
			isa = XCConfigurationList;
			buildConfigurations = (
				E82294242DE5D92F00DBE717 /* Debug */,
				E82294252DE5D92F00DBE717 /* Release */,
			);
			defaultConfigurationIsVisible = 0;
			defaultConfigurationName = Release;
		};
		E82294262DE5D92F00DBE717 /* Build configuration list for PBXNativeTarget "HandEstUITests" */ = {
			isa = XCConfigurationList;
			buildConfigurations = (
				E82294272DE5D92F00DBE717 /* Debug */,
				E82294282DE5D92F00DBE717 /* Release */,
			);
			defaultConfigurationIsVisible = 0;
			defaultConfigurationName = Release;
		};
/* End XCConfigurationList section */
	};
	rootObject = E82293F42DE5D92D00DBE717 /* Project object */;
}
