// !$*UTF8*$!
{
	archiveVersion = 1;
	classes = {
	};
	objectVersion = 54;
	objects = {

/* Begin PBXBuildFile section */
		053FE9F4A596102B350E523E /* HandTrackingView.swift in Sources */ = {isa = PBXBuildFile; fileRef = 53DFE7A162D1172044983FFE /* HandTrackingView.swift */; };
		0822E987A10CC486451196DB /* HandTrackingResultTests.swift in Sources */ = {isa = PBXBuildFile; fileRef = 1E6A11867E314F5BF9A3454F /* HandTrackingResultTests.swift */; };
		0B74583E4DC98EB42DD49689 /* RenderingFeatureTests.swift in Sources */ = {isa = PBXBuildFile; fileRef = 91B2FC0EB0391B28BE8AC90B /* RenderingFeatureTests.swift */; };
		0BD4F7F963D39294156E2E95 /* MediaPipeError.swift in Sources */ = {isa = PBXBuildFile; fileRef = E0D5C7AE3C3DDC53623DF967 /* MediaPipeError.swift */; };
		0D7C4EDE62EF575D5DCD161E /* HandTrackingFeature.swift in Sources */ = {isa = PBXBuildFile; fileRef = FD284D924E8A135EB96C0FC2 /* HandTrackingFeature.swift */; };
		1234CF6BA24B9B7FA4DDDE5D /* ContentView.swift in Sources */ = {isa = PBXBuildFile; fileRef = 8BE52738F08D03EB39A077AF /* ContentView.swift */; };
		1A758A46072243354AF71C9E /* CameraFeatureTests.swift in Sources */ = {isa = PBXBuildFile; fileRef = C13666F3F9B126B1F93124FC /* CameraFeatureTests.swift */; };
		1BFECFD55B73F5CF5805DDF1 /* AppFeature.swift in Sources */ = {isa = PBXBuildFile; fileRef = 311DE1B94A9AAB1AD9636169 /* AppFeature.swift */; };
		1D556F42D72B719FC7340103 /* Preview Assets.xcassets in Resources */ = {isa = PBXBuildFile; fileRef = A19C7B6A0A94724C838E2A1F /* Preview Assets.xcassets */; };
		21A5FD149C6E697BC489436A /* Logger.swift in Sources */ = {isa = PBXBuildFile; fileRef = E66D5685D4609CD3BC0DDF66 /* Logger.swift */; };
		278BA11BA93D379DAF1856D5 /* SwiftTasksVision in Frameworks */ = {isa = PBXBuildFile; productRef = 024C3F4EDB389C51F767FC43 /* SwiftTasksVision */; };
		2A923892B0F1F95A71122208 /* LoggerTests.swift in Sources */ = {isa = PBXBuildFile; fileRef = 7F1E243434D33E0D4973858F /* LoggerTests.swift */; };
		3F414776FCFC28DA4A6AE801 /* HandEstTests.swift in Sources */ = {isa = PBXBuildFile; fileRef = 1A3E0DAC2D99E737CF6C5B05 /* HandEstTests.swift */; };
		40DE92CC55D8EFBAAD86E5E1 /* TCA+ErrorHandling.swift in Sources */ = {isa = PBXBuildFile; fileRef = 66847FDECB8D7821F06F06B0 /* TCA+ErrorHandling.swift */; };
		49ADA3641142FD3AD4646A69 /* MediaPipeClient.swift in Sources */ = {isa = PBXBuildFile; fileRef = 7BA2DA6F13C9E4C2D16F3283 /* MediaPipeClient.swift */; };
		4A5351524C17F0995C01E8D4 /* UserDefaultsManager.swift in Sources */ = {isa = PBXBuildFile; fileRef = 188FFDDBABBBEB87C86077C1 /* UserDefaultsManager.swift */; };
		569D3E956FB511820CCBFCB9 /* HandLandmarkTests.swift in Sources */ = {isa = PBXBuildFile; fileRef = A7F816418DD9400E2E7CF86B /* HandLandmarkTests.swift */; };
		590906E3EF3E871B39CF1566 /* HandPoseTests.swift in Sources */ = {isa = PBXBuildFile; fileRef = 45596991A457EFC183FB474C /* HandPoseTests.swift */; };
		64F096E98AF3C9A1936F40F6 /* SettingsFeature.swift in Sources */ = {isa = PBXBuildFile; fileRef = AF8DB00000D933CCD73B2583 /* SettingsFeature.swift */; };
		6881BB5C32E48ADE81592595 /* ComposableArchitecture in Frameworks */ = {isa = PBXBuildFile; productRef = 11D97D45F8417FAC70E072E4 /* ComposableArchitecture */; };
		6AEA3D0FFCF757AF061D1ACD /* HandLandmark.swift in Sources */ = {isa = PBXBuildFile; fileRef = D0FC520EEF389CD24FFDEB96 /* HandLandmark.swift */; };
		6C572F9A37EF3BFC8F97F6BE /* PerformanceMetrics.swift in Sources */ = {isa = PBXBuildFile; fileRef = F1C4EA032D19002A7F1310F3 /* PerformanceMetrics.swift */; };
		6E8030F1B29512B9FEC6173A /* HandTrackingFeatureTests.swift in Sources */ = {isa = PBXBuildFile; fileRef = D0AD6453110993CB9A7BE218 /* HandTrackingFeatureTests.swift */; };
		6F0430D31032A34E0D776454 /* HandEstUITests.swift in Sources */ = {isa = PBXBuildFile; fileRef = A8A60DBD554440DA3B4EC1AB /* HandEstUITests.swift */; };
		7034E61AD99B03EAA7867E67 /* MediaPipeErrorTests.swift in Sources */ = {isa = PBXBuildFile; fileRef = EB2E8B29505117F6F5DC64E7 /* MediaPipeErrorTests.swift */; };
		7FD9B5E0B7EE97AF5BBEB226 /* MediaPipeClientTests.swift in Sources */ = {isa = PBXBuildFile; fileRef = 9ECCF25F057F244D82A44E09 /* MediaPipeClientTests.swift */; };
		89290FC8EBE69310BC704759 /* HandEstApp.swift in Sources */ = {isa = PBXBuildFile; fileRef = DB2BF58A26505D04424A00FE /* HandEstApp.swift */; };
		933BA31F835505829C091744 /* HandEstUITestsLaunchTests.swift in Sources */ = {isa = PBXBuildFile; fileRef = 2C11829F90999DB91B34C20C /* HandEstUITestsLaunchTests.swift */; };
		9AB878BDE77242896DC20DDC /* hand_landmarker.task in Resources */ = {isa = PBXBuildFile; fileRef = 24079F71A8C846CAC1482925 /* hand_landmarker.task */; };
		9F26AE2B225A32459B486606 /* RenderingFeature.swift in Sources */ = {isa = PBXBuildFile; fileRef = 9D96AA2AF686579FD677B2AC /* RenderingFeature.swift */; };
		A45FBC2274F9655E4AF68F27 /* README.md in Resources */ = {isa = PBXBuildFile; fileRef = CC1C74DC81EB6D53595E7DE0 /* README.md */; };
		A4EBDE54B45B89EC1BC7F69B /* CameraManager.swift in Sources */ = {isa = PBXBuildFile; fileRef = 8DB53E71B72D360CD12DFD51 /* CameraManager.swift */; };
		A75CB361B56D1F484662785A /* HandednessDataTests.swift in Sources */ = {isa = PBXBuildFile; fileRef = 124BFBE18010B4CC2CD3B410 /* HandednessDataTests.swift */; };
		A94F0139DEE5F03C4F1894C5 /* Handedness.swift in Sources */ = {isa = PBXBuildFile; fileRef = B68A6BAA86CD74909D5CA3E1 /* Handedness.swift */; };
		ACA4FFDF092E08A27A3615D1 /* HandPose.swift in Sources */ = {isa = PBXBuildFile; fileRef = 0789DDA49526E5C402F6F53E /* HandPose.swift */; };
		ACC370F43EFFAD11FFABC6CD /* AppError.swift in Sources */ = {isa = PBXBuildFile; fileRef = 413DD054A9F83F4B8C13083A /* AppError.swift */; };
		B1116408F8845BAF7ECE00D5 /* CameraFeature.swift in Sources */ = {isa = PBXBuildFile; fileRef = 364268121FB500F64917675A /* CameraFeature.swift */; };
		B4AABDE9EC5E982B8662C73E /* Assets.xcassets in Resources */ = {isa = PBXBuildFile; fileRef = 37C2AD49E86388EA04D8CE3C /* Assets.xcassets */; };
		C0901D0044CA9A67E7E5EF33 /* HandTrackingResult.swift in Sources */ = {isa = PBXBuildFile; fileRef = FD895A2C5F96E1C2D9CB6654 /* HandTrackingResult.swift */; };
		DAD987F527910D0FCE400711 /* SettingsFeatureTests.swift in Sources */ = {isa = PBXBuildFile; fileRef = FB2EA5425386E9B21AE8A1A2 /* SettingsFeatureTests.swift */; };
		E2CCE8DEBA5BEEA6F578A93C /* AppFeatureTests.swift in Sources */ = {isa = PBXBuildFile; fileRef = 58F0068E8B9F2043CD1B96A6 /* AppFeatureTests.swift */; };
		EBDBC1678DEE8C672C0DF141 /* CameraView.swift in Sources */ = {isa = PBXBuildFile; fileRef = 3C63F7B183A85CF721D0A946 /* CameraView.swift */; };
		F2760D5EA6510037EC625333 /* DebugInfo.swift in Sources */ = {isa = PBXBuildFile; fileRef = 079DE13C4367EA6A6EB687DF /* DebugInfo.swift */; };
		F8A2FACC887594B5F7CABE25 /* HandednessData.swift in Sources */ = {isa = PBXBuildFile; fileRef = 3E935C5CCE9C4E676357C9EF /* HandednessData.swift */; };
/* End PBXBuildFile section */

/* Begin PBXContainerItemProxy section */
		AACD3F060371E26D73649202 /* PBXContainerItemProxy */ = {
			isa = PBXContainerItemProxy;
			containerPortal = 4C52B64ADB8EF886943E532A /* Project object */;
			proxyType = 1;
			remoteGlobalIDString = DAAE03B8CDF1F333CB5CE236;
			remoteInfo = HandEst;
		};
		E5060AEF841C128770F1B518 /* PBXContainerItemProxy */ = {
			isa = PBXContainerItemProxy;
			containerPortal = 4C52B64ADB8EF886943E532A /* Project object */;
			proxyType = 1;
			remoteGlobalIDString = DAAE03B8CDF1F333CB5CE236;
			remoteInfo = HandEst;
		};
/* End PBXContainerItemProxy section */

/* Begin PBXFileReference section */
		01775D65E294D6FF40EC6876 /* HandEstTests.xctest */ = {isa = PBXFileReference; includeInIndex = 0; lastKnownFileType = wrapper.cfbundle; path = HandEstTests.xctest; sourceTree = BUILT_PRODUCTS_DIR; };
		0789DDA49526E5C402F6F53E /* HandPose.swift */ = {isa = PBXFileReference; lastKnownFileType = sourcecode.swift; path = HandPose.swift; sourceTree = "<group>"; };
		079DE13C4367EA6A6EB687DF /* DebugInfo.swift */ = {isa = PBXFileReference; lastKnownFileType = sourcecode.swift; path = DebugInfo.swift; sourceTree = "<group>"; };
		124BFBE18010B4CC2CD3B410 /* HandednessDataTests.swift */ = {isa = PBXFileReference; lastKnownFileType = sourcecode.swift; path = HandednessDataTests.swift; sourceTree = "<group>"; };
		16DD6BD0C6626F13B08FD254 /* HandEstUITests.xctest */ = {isa = PBXFileReference; includeInIndex = 0; lastKnownFileType = wrapper.cfbundle; path = HandEstUITests.xctest; sourceTree = BUILT_PRODUCTS_DIR; };
		188FFDDBABBBEB87C86077C1 /* UserDefaultsManager.swift */ = {isa = PBXFileReference; lastKnownFileType = sourcecode.swift; path = UserDefaultsManager.swift; sourceTree = "<group>"; };
		1A3E0DAC2D99E737CF6C5B05 /* HandEstTests.swift */ = {isa = PBXFileReference; lastKnownFileType = sourcecode.swift; path = HandEstTests.swift; sourceTree = "<group>"; };
		1E6A11867E314F5BF9A3454F /* HandTrackingResultTests.swift */ = {isa = PBXFileReference; lastKnownFileType = sourcecode.swift; path = HandTrackingResultTests.swift; sourceTree = "<group>"; };
		24079F71A8C846CAC1482925 /* hand_landmarker.task */ = {isa = PBXFileReference; path = hand_landmarker.task; sourceTree = "<group>"; };
		2C11829F90999DB91B34C20C /* HandEstUITestsLaunchTests.swift */ = {isa = PBXFileReference; lastKnownFileType = sourcecode.swift; path = HandEstUITestsLaunchTests.swift; sourceTree = "<group>"; };
		311DE1B94A9AAB1AD9636169 /* AppFeature.swift */ = {isa = PBXFileReference; lastKnownFileType = sourcecode.swift; path = AppFeature.swift; sourceTree = "<group>"; };
		364268121FB500F64917675A /* CameraFeature.swift */ = {isa = PBXFileReference; lastKnownFileType = sourcecode.swift; path = CameraFeature.swift; sourceTree = "<group>"; };
		37C2AD49E86388EA04D8CE3C /* Assets.xcassets */ = {isa = PBXFileReference; lastKnownFileType = folder.assetcatalog; path = Assets.xcassets; sourceTree = "<group>"; };
		3C63F7B183A85CF721D0A946 /* CameraView.swift */ = {isa = PBXFileReference; lastKnownFileType = sourcecode.swift; path = CameraView.swift; sourceTree = "<group>"; };
		3E935C5CCE9C4E676357C9EF /* HandednessData.swift */ = {isa = PBXFileReference; lastKnownFileType = sourcecode.swift; path = HandednessData.swift; sourceTree = "<group>"; };
		413DD054A9F83F4B8C13083A /* AppError.swift */ = {isa = PBXFileReference; lastKnownFileType = sourcecode.swift; path = AppError.swift; sourceTree = "<group>"; };
		45596991A457EFC183FB474C /* HandPoseTests.swift */ = {isa = PBXFileReference; lastKnownFileType = sourcecode.swift; path = HandPoseTests.swift; sourceTree = "<group>"; };
		53DFE7A162D1172044983FFE /* HandTrackingView.swift */ = {isa = PBXFileReference; lastKnownFileType = sourcecode.swift; path = HandTrackingView.swift; sourceTree = "<group>"; };
		58F0068E8B9F2043CD1B96A6 /* AppFeatureTests.swift */ = {isa = PBXFileReference; lastKnownFileType = sourcecode.swift; path = AppFeatureTests.swift; sourceTree = "<group>"; };
		66847FDECB8D7821F06F06B0 /* TCA+ErrorHandling.swift */ = {isa = PBXFileReference; lastKnownFileType = sourcecode.swift; path = "TCA+ErrorHandling.swift"; sourceTree = "<group>"; };
		7BA2DA6F13C9E4C2D16F3283 /* MediaPipeClient.swift */ = {isa = PBXFileReference; lastKnownFileType = sourcecode.swift; path = MediaPipeClient.swift; sourceTree = "<group>"; };
		7F1E243434D33E0D4973858F /* LoggerTests.swift */ = {isa = PBXFileReference; lastKnownFileType = sourcecode.swift; path = LoggerTests.swift; sourceTree = "<group>"; };
		8BE52738F08D03EB39A077AF /* ContentView.swift */ = {isa = PBXFileReference; lastKnownFileType = sourcecode.swift; path = ContentView.swift; sourceTree = "<group>"; };
		8DB53E71B72D360CD12DFD51 /* CameraManager.swift */ = {isa = PBXFileReference; lastKnownFileType = sourcecode.swift; path = CameraManager.swift; sourceTree = "<group>"; };
		91B2FC0EB0391B28BE8AC90B /* RenderingFeatureTests.swift */ = {isa = PBXFileReference; lastKnownFileType = sourcecode.swift; path = RenderingFeatureTests.swift; sourceTree = "<group>"; };
		9D96AA2AF686579FD677B2AC /* RenderingFeature.swift */ = {isa = PBXFileReference; lastKnownFileType = sourcecode.swift; path = RenderingFeature.swift; sourceTree = "<group>"; };
		9ECCF25F057F244D82A44E09 /* MediaPipeClientTests.swift */ = {isa = PBXFileReference; lastKnownFileType = sourcecode.swift; path = MediaPipeClientTests.swift; sourceTree = "<group>"; };
		A19C7B6A0A94724C838E2A1F /* Preview Assets.xcassets */ = {isa = PBXFileReference; lastKnownFileType = folder.assetcatalog; path = "Preview Assets.xcassets"; sourceTree = "<group>"; };
		A6A8C15E7145261EB2E8CA4C /* HandEst.app */ = {isa = PBXFileReference; includeInIndex = 0; lastKnownFileType = wrapper.application; path = HandEst.app; sourceTree = BUILT_PRODUCTS_DIR; };
		A7F816418DD9400E2E7CF86B /* HandLandmarkTests.swift */ = {isa = PBXFileReference; lastKnownFileType = sourcecode.swift; path = HandLandmarkTests.swift; sourceTree = "<group>"; };
		A8A60DBD554440DA3B4EC1AB /* HandEstUITests.swift */ = {isa = PBXFileReference; lastKnownFileType = sourcecode.swift; path = HandEstUITests.swift; sourceTree = "<group>"; };
		AF8DB00000D933CCD73B2583 /* SettingsFeature.swift */ = {isa = PBXFileReference; lastKnownFileType = sourcecode.swift; path = SettingsFeature.swift; sourceTree = "<group>"; };
		B68A6BAA86CD74909D5CA3E1 /* Handedness.swift */ = {isa = PBXFileReference; lastKnownFileType = sourcecode.swift; path = Handedness.swift; sourceTree = "<group>"; };
		C13666F3F9B126B1F93124FC /* CameraFeatureTests.swift */ = {isa = PBXFileReference; lastKnownFileType = sourcecode.swift; path = CameraFeatureTests.swift; sourceTree = "<group>"; };
		CC1C74DC81EB6D53595E7DE0 /* README.md */ = {isa = PBXFileReference; lastKnownFileType = net.daringfireball.markdown; path = README.md; sourceTree = "<group>"; };
		D09D81404D0138F7806BE0A6 /* SwiftTasksVision */ = {isa = PBXFileReference; lastKnownFileType = folder; name = SwiftTasksVision; path = LocalPackages/SwiftTasksVision; sourceTree = SOURCE_ROOT; };
		D0AD6453110993CB9A7BE218 /* HandTrackingFeatureTests.swift */ = {isa = PBXFileReference; lastKnownFileType = sourcecode.swift; path = HandTrackingFeatureTests.swift; sourceTree = "<group>"; };
		D0FC520EEF389CD24FFDEB96 /* HandLandmark.swift */ = {isa = PBXFileReference; lastKnownFileType = sourcecode.swift; path = HandLandmark.swift; sourceTree = "<group>"; };
		DB2BF58A26505D04424A00FE /* HandEstApp.swift */ = {isa = PBXFileReference; lastKnownFileType = sourcecode.swift; path = HandEstApp.swift; sourceTree = "<group>"; };
		E0D5C7AE3C3DDC53623DF967 /* MediaPipeError.swift */ = {isa = PBXFileReference; lastKnownFileType = sourcecode.swift; path = MediaPipeError.swift; sourceTree = "<group>"; };
		E66D5685D4609CD3BC0DDF66 /* Logger.swift */ = {isa = PBXFileReference; lastKnownFileType = sourcecode.swift; path = Logger.swift; sourceTree = "<group>"; };
		EB2E8B29505117F6F5DC64E7 /* MediaPipeErrorTests.swift */ = {isa = PBXFileReference; lastKnownFileType = sourcecode.swift; path = MediaPipeErrorTests.swift; sourceTree = "<group>"; };
		F1C4EA032D19002A7F1310F3 /* PerformanceMetrics.swift */ = {isa = PBXFileReference; lastKnownFileType = sourcecode.swift; path = PerformanceMetrics.swift; sourceTree = "<group>"; };
		FB2EA5425386E9B21AE8A1A2 /* SettingsFeatureTests.swift */ = {isa = PBXFileReference; lastKnownFileType = sourcecode.swift; path = SettingsFeatureTests.swift; sourceTree = "<group>"; };
		FD284D924E8A135EB96C0FC2 /* HandTrackingFeature.swift */ = {isa = PBXFileReference; lastKnownFileType = sourcecode.swift; path = HandTrackingFeature.swift; sourceTree = "<group>"; };
		FD895A2C5F96E1C2D9CB6654 /* HandTrackingResult.swift */ = {isa = PBXFileReference; lastKnownFileType = sourcecode.swift; path = HandTrackingResult.swift; sourceTree = "<group>"; };
/* End PBXFileReference section */

/* Begin PBXFrameworksBuildPhase section */
		6EF559BE40549D78396E19A0 /* Frameworks */ = {
			isa = PBXFrameworksBuildPhase;
			buildActionMask = 2147483647;
			files = (
				6881BB5C32E48ADE81592595 /* ComposableArchitecture in Frameworks */,
				278BA11BA93D379DAF1856D5 /* SwiftTasksVision in Frameworks */,
			);
			runOnlyForDeploymentPostprocessing = 0;
		};
/* End PBXFrameworksBuildPhase section */

/* Begin PBXGroup section */
		0387B4CCF4712415B9AA2164 /* Extensions */ = {
			isa = PBXGroup;
			children = (
				66847FDECB8D7821F06F06B0 /* TCA+ErrorHandling.swift */,
			);
			path = Extensions;
			sourceTree = "<group>";
		};
		1510F2C05A860397A67469EE /* HandTracking */ = {
			isa = PBXGroup;
			children = (
				FD284D924E8A135EB96C0FC2 /* HandTrackingFeature.swift */,
				53DFE7A162D1172044983FFE /* HandTrackingView.swift */,
				7BA2DA6F13C9E4C2D16F3283 /* MediaPipeClient.swift */,
			);
			path = HandTracking;
			sourceTree = "<group>";
		};
		2386903BAB03E292054D8986 /* Views */ = {
			isa = PBXGroup;
			children = (
			);
			path = Views;
			sourceTree = "<group>";
		};
		298E14B6DFFBE05183E380A3 /* Helpers */ = {
			isa = PBXGroup;
			children = (
				E66D5685D4609CD3BC0DDF66 /* Logger.swift */,
			);
			path = Helpers;
			sourceTree = "<group>";
		};
		4294AAD9277F5F3724B2B95E /* Dependencies */ = {
			isa = PBXGroup;
			children = (
				8DB53E71B72D360CD12DFD51 /* CameraManager.swift */,
				188FFDDBABBBEB87C86077C1 /* UserDefaultsManager.swift */,
			);
			path = Dependencies;
			sourceTree = "<group>";
		};
		4469F0D44FBF18B1CD389290 /* Features */ = {
			isa = PBXGroup;
			children = (
				CC231F2F2B4BF950C6D8325C /* Camera */,
				1510F2C05A860397A67469EE /* HandTracking */,
				8B5F98C91A5400D028FEDBCB /* Rendering */,
				E47F7A0DA883C1DBE2E6259A /* Settings */,
			);
			path = Features;
			sourceTree = "<group>";
		};
		48B57629B15EE5409CA3781A /* HandEst */ = {
			isa = PBXGroup;
			children = (
				97231E2748BE6C5ADCF1803D /* App */,
				4469F0D44FBF18B1CD389290 /* Features */,
				79C6FF0AB4D4844DDE54CDA5 /* Models */,
				E8C554E3B9065698E850B9BE /* Preview Content */,
				6D25CFBC3D29186F9D6D8D42 /* Resources */,
				F28A199626B9F595D1EE226A /* Shared */,
				37C2AD49E86388EA04D8CE3C /* Assets.xcassets */,
				8BE52738F08D03EB39A077AF /* ContentView.swift */,
			);
			path = HandEst;
			sourceTree = "<group>";
		};
		4A8DE5DC69B8E46B372952B5 /* HandEstTests */ = {
			isa = PBXGroup;
			children = (
				79CC6B512C3D63FF96C48FD3 /* Models */,
				58F0068E8B9F2043CD1B96A6 /* AppFeatureTests.swift */,
				C13666F3F9B126B1F93124FC /* CameraFeatureTests.swift */,
				1A3E0DAC2D99E737CF6C5B05 /* HandEstTests.swift */,
				D0AD6453110993CB9A7BE218 /* HandTrackingFeatureTests.swift */,
				7F1E243434D33E0D4973858F /* LoggerTests.swift */,
				9ECCF25F057F244D82A44E09 /* MediaPipeClientTests.swift */,
				91B2FC0EB0391B28BE8AC90B /* RenderingFeatureTests.swift */,
				FB2EA5425386E9B21AE8A1A2 /* SettingsFeatureTests.swift */,
			);
			path = HandEstTests;
			sourceTree = "<group>";
		};
		5024216D24372C87326FBA4A = {
			isa = PBXGroup;
			children = (
				48B57629B15EE5409CA3781A /* HandEst */,
				4A8DE5DC69B8E46B372952B5 /* HandEstTests */,
				BD59AD7DF8508295B8DFB9A8 /* HandEstUITests */,
				DD0269F3EF47916B3478356C /* Packages */,
				FAD1378D670BC29530C9C825 /* Products */,
			);
			sourceTree = "<group>";
		};
		6D25CFBC3D29186F9D6D8D42 /* Resources */ = {
			isa = PBXGroup;
			children = (
				24079F71A8C846CAC1482925 /* hand_landmarker.task */,
				CC1C74DC81EB6D53595E7DE0 /* README.md */,
			);
			path = Resources;
			sourceTree = "<group>";
		};
		79C6FF0AB4D4844DDE54CDA5 /* Models */ = {
			isa = PBXGroup;
			children = (
				413DD054A9F83F4B8C13083A /* AppError.swift */,
				079DE13C4367EA6A6EB687DF /* DebugInfo.swift */,
				B68A6BAA86CD74909D5CA3E1 /* Handedness.swift */,
				3E935C5CCE9C4E676357C9EF /* HandednessData.swift */,
				D0FC520EEF389CD24FFDEB96 /* HandLandmark.swift */,
				0789DDA49526E5C402F6F53E /* HandPose.swift */,
				FD895A2C5F96E1C2D9CB6654 /* HandTrackingResult.swift */,
				E0D5C7AE3C3DDC53623DF967 /* MediaPipeError.swift */,
				F1C4EA032D19002A7F1310F3 /* PerformanceMetrics.swift */,
			);
			path = Models;
			sourceTree = "<group>";
		};
		79CC6B512C3D63FF96C48FD3 /* Models */ = {
			isa = PBXGroup;
			children = (
				124BFBE18010B4CC2CD3B410 /* HandednessDataTests.swift */,
				A7F816418DD9400E2E7CF86B /* HandLandmarkTests.swift */,
				45596991A457EFC183FB474C /* HandPoseTests.swift */,
				1E6A11867E314F5BF9A3454F /* HandTrackingResultTests.swift */,
				EB2E8B29505117F6F5DC64E7 /* MediaPipeErrorTests.swift */,
			);
			path = Models;
			sourceTree = "<group>";
		};
		8B5F98C91A5400D028FEDBCB /* Rendering */ = {
			isa = PBXGroup;
			children = (
				9D96AA2AF686579FD677B2AC /* RenderingFeature.swift */,
			);
			path = Rendering;
			sourceTree = "<group>";
		};
		97231E2748BE6C5ADCF1803D /* App */ = {
			isa = PBXGroup;
			children = (
				311DE1B94A9AAB1AD9636169 /* AppFeature.swift */,
				DB2BF58A26505D04424A00FE /* HandEstApp.swift */,
			);
			path = App;
			sourceTree = "<group>";
		};
		BD59AD7DF8508295B8DFB9A8 /* HandEstUITests */ = {
			isa = PBXGroup;
			children = (
				A8A60DBD554440DA3B4EC1AB /* HandEstUITests.swift */,
				2C11829F90999DB91B34C20C /* HandEstUITestsLaunchTests.swift */,
			);
			path = HandEstUITests;
			sourceTree = "<group>";
		};
		CC231F2F2B4BF950C6D8325C /* Camera */ = {
			isa = PBXGroup;
			children = (
				364268121FB500F64917675A /* CameraFeature.swift */,
				3C63F7B183A85CF721D0A946 /* CameraView.swift */,
			);
			path = Camera;
			sourceTree = "<group>";
		};
		DD0269F3EF47916B3478356C /* Packages */ = {
			isa = PBXGroup;
			children = (
				D09D81404D0138F7806BE0A6 /* SwiftTasksVision */,
			);
			name = Packages;
			sourceTree = "<group>";
		};
		E47F7A0DA883C1DBE2E6259A /* Settings */ = {
			isa = PBXGroup;
			children = (
				AF8DB00000D933CCD73B2583 /* SettingsFeature.swift */,
			);
			path = Settings;
			sourceTree = "<group>";
		};
		E8C554E3B9065698E850B9BE /* Preview Content */ = {
			isa = PBXGroup;
			children = (
				A19C7B6A0A94724C838E2A1F /* Preview Assets.xcassets */,
			);
			path = "Preview Content";
			sourceTree = "<group>";
		};
		F28A199626B9F595D1EE226A /* Shared */ = {
			isa = PBXGroup;
			children = (
				4294AAD9277F5F3724B2B95E /* Dependencies */,
				0387B4CCF4712415B9AA2164 /* Extensions */,
				298E14B6DFFBE05183E380A3 /* Helpers */,
				2386903BAB03E292054D8986 /* Views */,
			);
			path = Shared;
			sourceTree = "<group>";
		};
		FAD1378D670BC29530C9C825 /* Products */ = {
			isa = PBXGroup;
			children = (
				A6A8C15E7145261EB2E8CA4C /* HandEst.app */,
				01775D65E294D6FF40EC6876 /* HandEstTests.xctest */,
				16DD6BD0C6626F13B08FD254 /* HandEstUITests.xctest */,
			);
			name = Products;
			sourceTree = "<group>";
		};
/* End PBXGroup section */

/* Begin PBXNativeTarget section */
		6D241B10F13AF226F266C39F /* HandEstUITests */ = {
			isa = PBXNativeTarget;
			buildConfigurationList = C30FC84C832B6E8095AA755B /* Build configuration list for PBXNativeTarget "HandEstUITests" */;
			buildPhases = (
				776C4C2C3979E04A2978803E /* Sources */,
			);
			buildRules = (
			);
			dependencies = (
				14E6BF9951CC4C4220E1E6BB /* PBXTargetDependency */,
			);
			name = HandEstUITests;
			packageProductDependencies = (
			);
			productName = HandEstUITests;
			productReference = 16DD6BD0C6626F13B08FD254 /* HandEstUITests.xctest */;
			productType = "com.apple.product-type.bundle.ui-testing";
		};
		DAAE03B8CDF1F333CB5CE236 /* HandEst */ = {
			isa = PBXNativeTarget;
			buildConfigurationList = 76D930B046ED09A840E5E6E9 /* Build configuration list for PBXNativeTarget "HandEst" */;
			buildPhases = (
				58E6BC4A6AE97D52A29F6855 /* SwiftLint */,
				022CB3E55ED371E3776D53D2 /* Sources */,
				3BA01F5837E5156AE5B39B84 /* Resources */,
				6EF559BE40549D78396E19A0 /* Frameworks */,
			);
			buildRules = (
			);
			dependencies = (
			);
			name = HandEst;
			packageProductDependencies = (
				11D97D45F8417FAC70E072E4 /* ComposableArchitecture */,
				024C3F4EDB389C51F767FC43 /* SwiftTasksVision */,
			);
			productName = HandEst;
			productReference = A6A8C15E7145261EB2E8CA4C /* HandEst.app */;
			productType = "com.apple.product-type.application";
		};
		FF33615083CAC99504EFDAA5 /* HandEstTests */ = {
			isa = PBXNativeTarget;
			buildConfigurationList = D886731830DA6786095F6588 /* Build configuration list for PBXNativeTarget "HandEstTests" */;
			buildPhases = (
				DC912C555EEBF74F1B2411C5 /* Sources */,
			);
			buildRules = (
			);
			dependencies = (
				147BFB16D161469B05C87487 /* PBXTargetDependency */,
			);
			name = HandEstTests;
			packageProductDependencies = (
			);
			productName = HandEstTests;
			productReference = 01775D65E294D6FF40EC6876 /* HandEstTests.xctest */;
			productType = "com.apple.product-type.bundle.unit-test";
		};
/* End PBXNativeTarget section */

/* Begin PBXProject section */
		4C52B64ADB8EF886943E532A /* Project object */ = {
			isa = PBXProject;
			attributes = {
				BuildIndependentTargetsInParallel = YES;
				LastUpgradeCheck = 1430;
				TargetAttributes = {
					6D241B10F13AF226F266C39F = {
						DevelopmentTeam = 8BD446AR8T;
						TestTargetID = DAAE03B8CDF1F333CB5CE236;
					};
					DAAE03B8CDF1F333CB5CE236 = {
						DevelopmentTeam = 8BD446AR8T;
					};
					FF33615083CAC99504EFDAA5 = {
						DevelopmentTeam = 8BD446AR8T;
					};
				};
			};
			buildConfigurationList = 6EC54E70E1A84E8502C85AFA /* Build configuration list for PBXProject "HandEst" */;
			compatibilityVersion = "Xcode 14.0";
			developmentRegion = en;
			hasScannedForEncodings = 0;
			knownRegions = (
				Base,
				en,
			);
			mainGroup = 5024216D24372C87326FBA4A;
			minimizedProjectReferenceProxies = 1;
			packageReferences = (
				4DFDDACB808EDD6A9B078A02 /* XCRemoteSwiftPackageReference "swift-composable-architecture" */,
				CFE4D7FF89F40E414EC2F1FA /* XCLocalSwiftPackageReference "LocalPackages/SwiftTasksVision" */,
			);
			preferredProjectObjectVersion = 54;
			projectDirPath = "";
			projectRoot = "";
			targets = (
				DAAE03B8CDF1F333CB5CE236 /* HandEst */,
				FF33615083CAC99504EFDAA5 /* HandEstTests */,
				6D241B10F13AF226F266C39F /* HandEstUITests */,
			);
		};
/* End PBXProject section */

/* Begin PBXResourcesBuildPhase section */
		3BA01F5837E5156AE5B39B84 /* Resources */ = {
			isa = PBXResourcesBuildPhase;
			buildActionMask = 2147483647;
			files = (
				B4AABDE9EC5E982B8662C73E /* Assets.xcassets in Resources */,
				1D556F42D72B719FC7340103 /* Preview Assets.xcassets in Resources */,
				A45FBC2274F9655E4AF68F27 /* README.md in Resources */,
				9AB878BDE77242896DC20DDC /* hand_landmarker.task in Resources */,
			);
			runOnlyForDeploymentPostprocessing = 0;
		};
/* End PBXResourcesBuildPhase section */

/* Begin PBXShellScriptBuildPhase section */
		58E6BC4A6AE97D52A29F6855 /* SwiftLint */ = {
			isa = PBXShellScriptBuildPhase;
			buildActionMask = 2147483647;
			files = (
			);
			inputFileListPaths = (
			);
			inputPaths = (
				"$(SRCROOT)/HandEst",
			);
			name = SwiftLint;
			outputFileListPaths = (
			);
			outputPaths = (
				"$(DERIVED_FILE_DIR)/swiftlint.txt",
			);
			runOnlyForDeploymentPostprocessing = 0;
			shellPath = /bin/sh;
			shellScript = "if [ -f /opt/homebrew/bin/swiftlint ]; then\n  /opt/homebrew/bin/swiftlint --lenient\nelif [ -f /usr/local/bin/swiftlint ]; then\n  /usr/local/bin/swiftlint --lenient\nelif which swiftlint >/dev/null; then\n  swiftlint --lenient\nelse\n  echo \"warning: SwiftLint not installed, download from https://github.com/realm/SwiftLint\"\nfi\n";
		};
/* End PBXShellScriptBuildPhase section */

/* Begin PBXSourcesBuildPhase section */
		022CB3E55ED371E3776D53D2 /* Sources */ = {
			isa = PBXSourcesBuildPhase;
			buildActionMask = 2147483647;
			files = (
				ACC370F43EFFAD11FFABC6CD /* AppError.swift in Sources */,
				1BFECFD55B73F5CF5805DDF1 /* AppFeature.swift in Sources */,
				B1116408F8845BAF7ECE00D5 /* CameraFeature.swift in Sources */,
				A4EBDE54B45B89EC1BC7F69B /* CameraManager.swift in Sources */,
				EBDBC1678DEE8C672C0DF141 /* CameraView.swift in Sources */,
				1234CF6BA24B9B7FA4DDDE5D /* ContentView.swift in Sources */,
				F2760D5EA6510037EC625333 /* DebugInfo.swift in Sources */,
				89290FC8EBE69310BC704759 /* HandEstApp.swift in Sources */,
				6AEA3D0FFCF757AF061D1ACD /* HandLandmark.swift in Sources */,
				ACA4FFDF092E08A27A3615D1 /* HandPose.swift in Sources */,
				0D7C4EDE62EF575D5DCD161E /* HandTrackingFeature.swift in Sources */,
				C0901D0044CA9A67E7E5EF33 /* HandTrackingResult.swift in Sources */,
				053FE9F4A596102B350E523E /* HandTrackingView.swift in Sources */,
				A94F0139DEE5F03C4F1894C5 /* Handedness.swift in Sources */,
				F8A2FACC887594B5F7CABE25 /* HandednessData.swift in Sources */,
				21A5FD149C6E697BC489436A /* Logger.swift in Sources */,
				49ADA3641142FD3AD4646A69 /* MediaPipeClient.swift in Sources */,
				0BD4F7F963D39294156E2E95 /* MediaPipeError.swift in Sources */,
				6C572F9A37EF3BFC8F97F6BE /* PerformanceMetrics.swift in Sources */,
				9F26AE2B225A32459B486606 /* RenderingFeature.swift in Sources */,
				64F096E98AF3C9A1936F40F6 /* SettingsFeature.swift in Sources */,
				40DE92CC55D8EFBAAD86E5E1 /* TCA+ErrorHandling.swift in Sources */,
				4A5351524C17F0995C01E8D4 /* UserDefaultsManager.swift in Sources */,
			);
			runOnlyForDeploymentPostprocessing = 0;
		};
		776C4C2C3979E04A2978803E /* Sources */ = {
			isa = PBXSourcesBuildPhase;
			buildActionMask = 2147483647;
			files = (
				6F0430D31032A34E0D776454 /* HandEstUITests.swift in Sources */,
				933BA31F835505829C091744 /* HandEstUITestsLaunchTests.swift in Sources */,
			);
			runOnlyForDeploymentPostprocessing = 0;
		};
		DC912C555EEBF74F1B2411C5 /* Sources */ = {
			isa = PBXSourcesBuildPhase;
			buildActionMask = 2147483647;
			files = (
				E2CCE8DEBA5BEEA6F578A93C /* AppFeatureTests.swift in Sources */,
				1A758A46072243354AF71C9E /* CameraFeatureTests.swift in Sources */,
				3F414776FCFC28DA4A6AE801 /* HandEstTests.swift in Sources */,
				569D3E956FB511820CCBFCB9 /* HandLandmarkTests.swift in Sources */,
				590906E3EF3E871B39CF1566 /* HandPoseTests.swift in Sources */,
				6E8030F1B29512B9FEC6173A /* HandTrackingFeatureTests.swift in Sources */,
				0822E987A10CC486451196DB /* HandTrackingResultTests.swift in Sources */,
				A75CB361B56D1F484662785A /* HandednessDataTests.swift in Sources */,
				2A923892B0F1F95A71122208 /* LoggerTests.swift in Sources */,
				7FD9B5E0B7EE97AF5BBEB226 /* MediaPipeClientTests.swift in Sources */,
				7034E61AD99B03EAA7867E67 /* MediaPipeErrorTests.swift in Sources */,
				0B74583E4DC98EB42DD49689 /* RenderingFeatureTests.swift in Sources */,
				DAD987F527910D0FCE400711 /* SettingsFeatureTests.swift in Sources */,
			);
			runOnlyForDeploymentPostprocessing = 0;
		};
/* End PBXSourcesBuildPhase section */

/* Begin PBXTargetDependency section */
		147BFB16D161469B05C87487 /* PBXTargetDependency */ = {
			isa = PBXTargetDependency;
			target = DAAE03B8CDF1F333CB5CE236 /* HandEst */;
			targetProxy = AACD3F060371E26D73649202 /* PBXContainerItemProxy */;
		};
		14E6BF9951CC4C4220E1E6BB /* PBXTargetDependency */ = {
			isa = PBXTargetDependency;
			target = DAAE03B8CDF1F333CB5CE236 /* HandEst */;
			targetProxy = E5060AEF841C128770F1B518 /* PBXContainerItemProxy */;
		};
/* End PBXTargetDependency section */

/* Begin XCBuildConfiguration section */
		17F21BC2C9060AEB5BF43120 /* Release */ = {
			isa = XCBuildConfiguration;
			buildSettings = {
				ALLOW_TARGET_PLATFORM_SPECIALIZATION = YES;
				ASSETCATALOG_COMPILER_APPICON_NAME = AppIcon;
				CLANG_ALLOW_NON_MODULAR_INCLUDES_IN_FRAMEWORK_MODULES = YES;
				CODE_SIGN_IDENTITY = "iPhone Developer";
				DEVELOPMENT_TEAM = 8BD446AR8T;
				GENERATE_INFOPLIST_FILE = YES;
				INFOPLIST_KEY_CFBundleDisplayName = HandEst;
				INFOPLIST_KEY_CFBundleName = HandEst;
				INFOPLIST_KEY_CFBundleShortVersionString = 1.0;
				INFOPLIST_KEY_CFBundleVersion = 1;
				INFOPLIST_KEY_NSCameraUsageDescription = "HandEstはユーザーの手をリアルタイムで3Dモデルに変換するためにカメラを使用します。カメラ映像は端末内でのみ処理され、外部に送信されることはありません。";
				INFOPLIST_KEY_UIApplicationSceneManifest_Generation = YES;
				INFOPLIST_KEY_UIApplicationSupportsIndirectInputEvents = YES;
				INFOPLIST_KEY_UILaunchScreen_Generation = YES;
				INFOPLIST_KEY_UISupportedInterfaceOrientations_iPad = "UIInterfaceOrientationPortrait UIInterfaceOrientationPortraitUpsideDown UIInterfaceOrientationLandscapeLeft UIInterfaceOrientationLandscapeRight";
				INFOPLIST_KEY_UISupportedInterfaceOrientations_iPhone = "UIInterfaceOrientationPortrait UIInterfaceOrientationLandscapeLeft UIInterfaceOrientationLandscapeRight";
				LD_RUNPATH_SEARCH_PATHS = (
					"$(inherited)",
					"@executable_path/Frameworks",
				);
				OTHER_LDFLAGS = "-ObjC";
				OTHER_SWIFT_FLAGS = "-strict-concurrency=minimal";
				PRODUCT_BUNDLE_IDENTIFIER = com.sagawafumiya.HandEst;
				SDKROOT = iphoneos;
				SWIFT_STRICT_CONCURRENCY = minimal;
				SWIFT_VERSION = 5.0;
				TARGETED_DEVICE_FAMILY = "1,2";
			};
			name = Release;
		};
		2E9FAC0F72C9C0FAF45EF511 /* Release */ = {
			isa = XCBuildConfiguration;
			buildSettings = {
				ALWAYS_SEARCH_USER_PATHS = NO;
				CLANG_ANALYZER_NONNULL = YES;
				CLANG_ANALYZER_NUMBER_OBJECT_CONVERSION = YES_AGGRESSIVE;
				CLANG_CXX_LANGUAGE_STANDARD = "gnu++14";
				CLANG_CXX_LIBRARY = "libc++";
				CLANG_ENABLE_MODULES = YES;
				CLANG_ENABLE_OBJC_ARC = YES;
				CLANG_ENABLE_OBJC_WEAK = YES;
				CLANG_WARN_BLOCK_CAPTURE_AUTORELEASING = YES;
				CLANG_WARN_BOOL_CONVERSION = YES;
				CLANG_WARN_COMMA = YES;
				CLANG_WARN_CONSTANT_CONVERSION = YES;
				CLANG_WARN_DEPRECATED_OBJC_IMPLEMENTATIONS = YES;
				CLANG_WARN_DIRECT_OBJC_ISA_USAGE = YES_ERROR;
				CLANG_WARN_DOCUMENTATION_COMMENTS = YES;
				CLANG_WARN_EMPTY_BODY = YES;
				CLANG_WARN_ENUM_CONVERSION = YES;
				CLANG_WARN_INFINITE_RECURSION = YES;
				CLANG_WARN_INT_CONVERSION = YES;
				CLANG_WARN_NON_LITERAL_NULL_CONVERSION = YES;
				CLANG_WARN_OBJC_IMPLICIT_RETAIN_SELF = YES;
				CLANG_WARN_OBJC_LITERAL_CONVERSION = YES;
				CLANG_WARN_OBJC_ROOT_CLASS = YES_ERROR;
				CLANG_WARN_QUOTED_INCLUDE_IN_FRAMEWORK_HEADER = YES;
				CLANG_WARN_RANGE_LOOP_ANALYSIS = YES;
				CLANG_WARN_STRICT_PROTOTYPES = YES;
				CLANG_WARN_SUSPICIOUS_MOVE = YES;
				CLANG_WARN_UNGUARDED_AVAILABILITY = YES_AGGRESSIVE;
				CLANG_WARN_UNREACHABLE_CODE = YES;
				CLANG_WARN__DUPLICATE_METHOD_MATCH = YES;
				COPY_PHASE_STRIP = NO;
				CURRENT_PROJECT_VERSION = 1;
				DEBUG_INFORMATION_FORMAT = "dwarf-with-dsym";
				ENABLE_NS_ASSERTIONS = NO;
				ENABLE_STRICT_OBJC_MSGSEND = YES;
				GCC_C_LANGUAGE_STANDARD = gnu11;
				GCC_NO_COMMON_BLOCKS = YES;
				GCC_WARN_64_TO_32_BIT_CONVERSION = YES;
				GCC_WARN_ABOUT_RETURN_TYPE = YES_ERROR;
				GCC_WARN_UNDECLARED_SELECTOR = YES;
				GCC_WARN_UNINITIALIZED_AUTOS = YES_AGGRESSIVE;
				GCC_WARN_UNUSED_FUNCTION = YES;
				GCC_WARN_UNUSED_VARIABLE = YES;
				IPHONEOS_DEPLOYMENT_TARGET = 18.2;
				MARKETING_VERSION = 1.0;
				MTL_ENABLE_DEBUG_INFO = NO;
				MTL_FAST_MATH = YES;
				PRODUCT_NAME = "$(TARGET_NAME)";
				SDKROOT = iphoneos;
				SWIFT_COMPILATION_MODE = wholemodule;
				SWIFT_OPTIMIZATION_LEVEL = "-O";
				SWIFT_VERSION = 5.0;
			};
			name = Release;
		};
		555E0A43419EAAA49455D974 /* Debug */ = {
			isa = XCBuildConfiguration;
			buildSettings = {
				ALWAYS_SEARCH_USER_PATHS = NO;
				CLANG_ANALYZER_NONNULL = YES;
				CLANG_ANALYZER_NUMBER_OBJECT_CONVERSION = YES_AGGRESSIVE;
				CLANG_CXX_LANGUAGE_STANDARD = "gnu++14";
				CLANG_CXX_LIBRARY = "libc++";
				CLANG_ENABLE_MODULES = YES;
				CLANG_ENABLE_OBJC_ARC = YES;
				CLANG_ENABLE_OBJC_WEAK = YES;
				CLANG_WARN_BLOCK_CAPTURE_AUTORELEASING = YES;
				CLANG_WARN_BOOL_CONVERSION = YES;
				CLANG_WARN_COMMA = YES;
				CLANG_WARN_CONSTANT_CONVERSION = YES;
				CLANG_WARN_DEPRECATED_OBJC_IMPLEMENTATIONS = YES;
				CLANG_WARN_DIRECT_OBJC_ISA_USAGE = YES_ERROR;
				CLANG_WARN_DOCUMENTATION_COMMENTS = YES;
				CLANG_WARN_EMPTY_BODY = YES;
				CLANG_WARN_ENUM_CONVERSION = YES;
				CLANG_WARN_INFINITE_RECURSION = YES;
				CLANG_WARN_INT_CONVERSION = YES;
				CLANG_WARN_NON_LITERAL_NULL_CONVERSION = YES;
				CLANG_WARN_OBJC_IMPLICIT_RETAIN_SELF = YES;
				CLANG_WARN_OBJC_LITERAL_CONVERSION = YES;
				CLANG_WARN_OBJC_ROOT_CLASS = YES_ERROR;
				CLANG_WARN_QUOTED_INCLUDE_IN_FRAMEWORK_HEADER = YES;
				CLANG_WARN_RANGE_LOOP_ANALYSIS = YES;
				CLANG_WARN_STRICT_PROTOTYPES = YES;
				CLANG_WARN_SUSPICIOUS_MOVE = YES;
				CLANG_WARN_UNGUARDED_AVAILABILITY = YES_AGGRESSIVE;
				CLANG_WARN_UNREACHABLE_CODE = YES;
				CLANG_WARN__DUPLICATE_METHOD_MATCH = YES;
				COPY_PHASE_STRIP = NO;
				CURRENT_PROJECT_VERSION = 1;
				DEBUG_INFORMATION_FORMAT = dwarf;
				ENABLE_STRICT_OBJC_MSGSEND = YES;
				ENABLE_TESTABILITY = YES;
				GCC_C_LANGUAGE_STANDARD = gnu11;
				GCC_DYNAMIC_NO_PIC = NO;
				GCC_NO_COMMON_BLOCKS = YES;
				GCC_OPTIMIZATION_LEVEL = 0;
				GCC_PREPROCESSOR_DEFINITIONS = (
					"$(inherited)",
					"DEBUG=1",
				);
				GCC_WARN_64_TO_32_BIT_CONVERSION = YES;
				GCC_WARN_ABOUT_RETURN_TYPE = YES_ERROR;
				GCC_WARN_UNDECLARED_SELECTOR = YES;
				GCC_WARN_UNINITIALIZED_AUTOS = YES_AGGRESSIVE;
				GCC_WARN_UNUSED_FUNCTION = YES;
				GCC_WARN_UNUSED_VARIABLE = YES;
				IPHONEOS_DEPLOYMENT_TARGET = 18.2;
				MARKETING_VERSION = 1.0;
				MTL_ENABLE_DEBUG_INFO = INCLUDE_SOURCE;
				MTL_FAST_MATH = YES;
				ONLY_ACTIVE_ARCH = YES;
				PRODUCT_NAME = "$(TARGET_NAME)";
				SDKROOT = iphoneos;
				SWIFT_ACTIVE_COMPILATION_CONDITIONS = DEBUG;
				SWIFT_OPTIMIZATION_LEVEL = "-Onone";
				SWIFT_VERSION = 5.0;
			};
			name = Debug;
		};
		74788551039F6A026636D855 /* Debug */ = {
			isa = XCBuildConfiguration;
			buildSettings = {
				ALLOW_TARGET_PLATFORM_SPECIALIZATION = YES;
				ASSETCATALOG_COMPILER_APPICON_NAME = AppIcon;
				CLANG_ALLOW_NON_MODULAR_INCLUDES_IN_FRAMEWORK_MODULES = YES;
				CODE_SIGN_IDENTITY = "iPhone Developer";
				DEVELOPMENT_TEAM = 8BD446AR8T;
				GENERATE_INFOPLIST_FILE = YES;
				INFOPLIST_KEY_CFBundleDisplayName = HandEst;
				INFOPLIST_KEY_CFBundleName = HandEst;
				INFOPLIST_KEY_CFBundleShortVersionString = 1.0;
				INFOPLIST_KEY_CFBundleVersion = 1;
				INFOPLIST_KEY_NSCameraUsageDescription = "HandEstはユーザーの手をリアルタイムで3Dモデルに変換するためにカメラを使用します。カメラ映像は端末内でのみ処理され、外部に送信されることはありません。";
				INFOPLIST_KEY_UIApplicationSceneManifest_Generation = YES;
				INFOPLIST_KEY_UIApplicationSupportsIndirectInputEvents = YES;
				INFOPLIST_KEY_UILaunchScreen_Generation = YES;
				INFOPLIST_KEY_UISupportedInterfaceOrientations_iPad = "UIInterfaceOrientationPortrait UIInterfaceOrientationPortraitUpsideDown UIInterfaceOrientationLandscapeLeft UIInterfaceOrientationLandscapeRight";
				INFOPLIST_KEY_UISupportedInterfaceOrientations_iPhone = "UIInterfaceOrientationPortrait UIInterfaceOrientationLandscapeLeft UIInterfaceOrientationLandscapeRight";
				LD_RUNPATH_SEARCH_PATHS = (
					"$(inherited)",
					"@executable_path/Frameworks",
				);
				OTHER_LDFLAGS = "-ObjC";
				OTHER_SWIFT_FLAGS = "-strict-concurrency=minimal";
				PRODUCT_BUNDLE_IDENTIFIER = com.sagawafumiya.HandEst;
				SDKROOT = iphoneos;
				SWIFT_STRICT_CONCURRENCY = minimal;
				SWIFT_VERSION = 5.0;
				TARGETED_DEVICE_FAMILY = "1,2";
			};
			name = Debug;
		};
		B3484EA10C8C93D62BB30591 /* Debug */ = {
			isa = XCBuildConfiguration;
			buildSettings = {
				BUNDLE_LOADER = "$(TEST_HOST)";
				DEVELOPMENT_TEAM = 8BD446AR8T;
				GENERATE_INFOPLIST_FILE = YES;
				LD_RUNPATH_SEARCH_PATHS = (
					"$(inherited)",
					"@executable_path/Frameworks",
					"@loader_path/Frameworks",
				);
				PRODUCT_BUNDLE_IDENTIFIER = com.sagawafumiya.HandEstTests;
				SDKROOT = iphoneos;
				TARGETED_DEVICE_FAMILY = "1,2";
				TEST_HOST = "$(BUILT_PRODUCTS_DIR)/HandEst.app/HandEst";
			};
			name = Debug;
		};
		B668DFDF667D787BEE9D2AB5 /* Release */ = {
			isa = XCBuildConfiguration;
			buildSettings = {
				BUNDLE_LOADER = "$(TEST_HOST)";
				DEVELOPMENT_TEAM = 8BD446AR8T;
				GENERATE_INFOPLIST_FILE = YES;
				LD_RUNPATH_SEARCH_PATHS = (
					"$(inherited)",
					"@executable_path/Frameworks",
					"@loader_path/Frameworks",
				);
				PRODUCT_BUNDLE_IDENTIFIER = com.sagawafumiya.HandEstUITests;
				SDKROOT = iphoneos;
				TARGETED_DEVICE_FAMILY = "1,2";
				TEST_TARGET_NAME = HandEst;
			};
			name = Release;
		};
		CAC079D7AC02ECEDF1FA44AC /* Release */ = {
			isa = XCBuildConfiguration;
			buildSettings = {
				BUNDLE_LOADER = "$(TEST_HOST)";
				DEVELOPMENT_TEAM = 8BD446AR8T;
				GENERATE_INFOPLIST_FILE = YES;
				LD_RUNPATH_SEARCH_PATHS = (
					"$(inherited)",
					"@executable_path/Frameworks",
					"@loader_path/Frameworks",
				);
				PRODUCT_BUNDLE_IDENTIFIER = com.sagawafumiya.HandEstTests;
				SDKROOT = iphoneos;
				TARGETED_DEVICE_FAMILY = "1,2";
				TEST_HOST = "$(BUILT_PRODUCTS_DIR)/HandEst.app/HandEst";
			};
			name = Release;
		};
		EF4C635426687AE2E0301A16 /* Debug */ = {
			isa = XCBuildConfiguration;
			buildSettings = {
				BUNDLE_LOADER = "$(TEST_HOST)";
				DEVELOPMENT_TEAM = 8BD446AR8T;
				GENERATE_INFOPLIST_FILE = YES;
				LD_RUNPATH_SEARCH_PATHS = (
					"$(inherited)",
					"@executable_path/Frameworks",
					"@loader_path/Frameworks",
				);
				PRODUCT_BUNDLE_IDENTIFIER = com.sagawafumiya.HandEstUITests;
				SDKROOT = iphoneos;
				TARGETED_DEVICE_FAMILY = "1,2";
				TEST_TARGET_NAME = HandEst;
			};
			name = Debug;
		};
/* End XCBuildConfiguration section */

/* Begin XCConfigurationList section */
		6EC54E70E1A84E8502C85AFA /* Build configuration list for PBXProject "HandEst" */ = {
			isa = XCConfigurationList;
			buildConfigurations = (
				555E0A43419EAAA49455D974 /* Debug */,
				2E9FAC0F72C9C0FAF45EF511 /* Release */,
			);
			defaultConfigurationIsVisible = 0;
			defaultConfigurationName = Debug;
		};
		76D930B046ED09A840E5E6E9 /* Build configuration list for PBXNativeTarget "HandEst" */ = {
			isa = XCConfigurationList;
			buildConfigurations = (
				74788551039F6A026636D855 /* Debug */,
				17F21BC2C9060AEB5BF43120 /* Release */,
			);
			defaultConfigurationIsVisible = 0;
			defaultConfigurationName = Debug;
		};
		C30FC84C832B6E8095AA755B /* Build configuration list for PBXNativeTarget "HandEstUITests" */ = {
			isa = XCConfigurationList;
			buildConfigurations = (
				EF4C635426687AE2E0301A16 /* Debug */,
				B668DFDF667D787BEE9D2AB5 /* Release */,
			);
			defaultConfigurationIsVisible = 0;
			defaultConfigurationName = Debug;
		};
		D886731830DA6786095F6588 /* Build configuration list for PBXNativeTarget "HandEstTests" */ = {
			isa = XCConfigurationList;
			buildConfigurations = (
				B3484EA10C8C93D62BB30591 /* Debug */,
				CAC079D7AC02ECEDF1FA44AC /* Release */,
			);
			defaultConfigurationIsVisible = 0;
			defaultConfigurationName = Debug;
		};
/* End XCConfigurationList section */

/* Begin XCLocalSwiftPackageReference section */
		CFE4D7FF89F40E414EC2F1FA /* XCLocalSwiftPackageReference "LocalPackages/SwiftTasksVision" */ = {
			isa = XCLocalSwiftPackageReference;
			relativePath = LocalPackages/SwiftTasksVision;
		};
/* End XCLocalSwiftPackageReference section */

/* Begin XCRemoteSwiftPackageReference section */
		4DFDDACB808EDD6A9B078A02 /* XCRemoteSwiftPackageReference "swift-composable-architecture" */ = {
			isa = XCRemoteSwiftPackageReference;
			repositoryURL = "https://github.com/pointfreeco/swift-composable-architecture";
			requirement = {
				kind = exactVersion;
				version = 1.20.1;
			};
		};
/* End XCRemoteSwiftPackageReference section */

/* Begin XCSwiftPackageProductDependency section */
		024C3F4EDB389C51F767FC43 /* SwiftTasksVision */ = {
			isa = XCSwiftPackageProductDependency;
			productName = SwiftTasksVision;
		};
		11D97D45F8417FAC70E072E4 /* ComposableArchitecture */ = {
			isa = XCSwiftPackageProductDependency;
			package = 4DFDDACB808EDD6A9B078A02 /* XCRemoteSwiftPackageReference "swift-composable-architecture" */;
			productName = ComposableArchitecture;
		};
/* End XCSwiftPackageProductDependency section */
	};
	rootObject = 4C52B64ADB8EF886943E532A /* Project object */;
}
